
Microsoft Visual Studio Solution File, Format Version 12.00
# Visual Studio Version 17
VisualStudioVersion = 17.13.35806.99
MinimumVisualStudioVersion = 10.0.40219.1
Project("{FAE04EC0-301F-11D3-BF4B-00C04F79EFBC}") = "ShoplyStoreWeb", "ShoplyStoreWeb.csproj", "{D303D2F6-7AC4-4BCE-9608-6D841BEB5E36}"
EndProject
Project("{FAE04EC0-301F-11D3-BF4B-00C04F79EFBC}") = "ShoplyStore.DataAccess", "..\BookiStore.DataAccess\ShoplyStore.DataAccess.csproj", "{347BCD7E-AE51-4406-B87B-C6A7B5A3D931}"
EndProject
Project("{FAE04EC0-301F-11D3-BF4B-00C04F79EFBC}") = "ShoplyStore.Models", "..\BookieStore.Models\ShoplyStore.Models.csproj", "{8C00FDEE-1DC3-4E1D-AE8A-CA303AB8EC44}"
EndProject
Project("{FAE04EC0-301F-11D3-BF4B-00C04F79EFBC}") = "ShoplyStore.Utility", "..\BookieStore.Utility\ShoplyStore.Utility.csproj", "{FAEBBDF1-6232-4866-9B26-2C2D74D29C70}"
EndProject
Global
	GlobalSection(SolutionConfigurationPlatforms) = preSolution
		Debug|Any CPU = Debug|Any CPU
		Release|Any CPU = Release|Any CPU
	EndGlobalSection
	GlobalSection(ProjectConfigurationPlatforms) = postSolution
		{D303D2F6-7AC4-4BCE-9608-6D841BEB5E36}.Debug|Any CPU.ActiveCfg = Debug|Any CPU
		{D303D2F6-7AC4-4BCE-9608-6D841BEB5E36}.Debug|Any CPU.Build.0 = Debug|Any CPU
		{D303D2F6-7AC4-4BCE-9608-6D841BEB5E36}.Release|Any CPU.ActiveCfg = Release|Any CPU
		{D303D2F6-7AC4-4BCE-9608-6D841BEB5E36}.Release|Any CPU.Build.0 = Release|Any CPU
		{347BCD7E-AE51-4406-B87B-C6A7B5A3D931}.Debug|Any CPU.ActiveCfg = Debug|Any CPU
		{347BCD7E-AE51-4406-B87B-C6A7B5A3D931}.Debug|Any CPU.Build.0 = Debug|Any CPU
		{347BCD7E-AE51-4406-B87B-C6A7B5A3D931}.Release|Any CPU.ActiveCfg = Release|Any CPU
		{347BCD7E-AE51-4406-B87B-C6A7B5A3D931}.Release|Any CPU.Build.0 = Release|Any CPU
		{8C00FDEE-1DC3-4E1D-AE8A-CA303AB8EC44}.Debug|Any CPU.ActiveCfg = Debug|Any CPU
		{8C00FDEE-1DC3-4E1D-AE8A-CA303AB8EC44}.Debug|Any CPU.Build.0 = Debug|Any CPU
		{8C00FDEE-1DC3-4E1D-AE8A-CA303AB8EC44}.Release|Any CPU.ActiveCfg = Release|Any CPU
		{8C00FDEE-1DC3-4E1D-AE8A-CA303AB8EC44}.Release|Any CPU.Build.0 = Release|Any CPU
		{FAEBBDF1-6232-4866-9B26-2C2D74D29C70}.Debug|Any CPU.ActiveCfg = Debug|Any CPU
		{FAEBBDF1-6232-4866-9B26-2C2D74D29C70}.Debug|Any CPU.Build.0 = Debug|Any CPU
		{FAEBBDF1-6232-4866-9B26-2C2D74D29C70}.Release|Any CPU.ActiveCfg = Release|Any CPU
		{FAEBBDF1-6232-4866-9B26-2C2D74D29C70}.Release|Any CPU.Build.0 = Release|Any CPU
	EndGlobalSection
	GlobalSection(SolutionProperties) = preSolution
		HideSolutionNode = FALSE
	EndGlobalSection
	GlobalSection(ExtensibilityGlobals) = postSolution
		SolutionGuid = {6959AA95-9CA7-4043-A005-8A5444DE1ECE}
	EndGlobalSection
EndGlobal
